// !$*UTF8*$!
{
	archiveVersion = 1;
	classes = {
	};
	objectVersion = 56;
	objects = {

/* Begin PBXBuildFile section */
		2766A6C028DCAA5300E043E1 /* Assets.xcassets in Resources */ = {isa = PBXBuildFile; fileRef = 27CB3F6728D2D8E400BCE83E /* Assets.xcassets */; };
		278D9F3A28DD91F900795554 /* util.swift in Sources */ = {isa = PBXBuildFile; fileRef = 27BD5E5528D447120048C2E5 /* util.swift */; };
		278D9F3C28DD923900795554 /* Constant.swift in Sources */ = {isa = PBXBuildFile; fileRef = 278D9F3B28DD923900795554 /* Constant.swift */; };
		278D9F3D28DD927C00795554 /* Constant.swift in Sources */ = {isa = PBXBuildFile; fileRef = 278D9F3B28DD923900795554 /* Constant.swift */; };
		278D9F3F28DDBEF100795554 /* UIApplication+Extensions.swift in Sources */ = {isa = PBXBuildFile; fileRef = 278D9F3E28DDBEF100795554 /* UIApplication+Extensions.swift */; };
		27B2B7C428DBE05000707E4B /* WidgetKit.framework in Frameworks */ = {isa = PBXBuildFile; fileRef = 27B2B7C328DBE04F00707E4B /* WidgetKit.framework */; };
		27B2B7C628DBE05000707E4B /* SwiftUI.framework in Frameworks */ = {isa = PBXBuildFile; fileRef = 27B2B7C528DBE05000707E4B /* SwiftUI.framework */; };
		27B2B7C928DBE05000707E4B /* wtkstockpriceWidget.swift in Sources */ = {isa = PBXBuildFile; fileRef = 27B2B7C828DBE05000707E4B /* wtkstockpriceWidget.swift */; };
		27B2B7CC28DBE05000707E4B /* Assets.xcassets in Resources */ = {isa = PBXBuildFile; fileRef = 27B2B7CB28DBE05000707E4B /* Assets.xcassets */; };
		27B2B7CE28DBE05000707E4B /* wtkstockpriceWidget.intentdefinition in Sources */ = {isa = PBXBuildFile; fileRef = 27B2B7CA28DBE05000707E4B /* wtkstockpriceWidget.intentdefinition */; };
		27B2B7CF28DBE05000707E4B /* wtkstockpriceWidget.intentdefinition in Sources */ = {isa = PBXBuildFile; fileRef = 27B2B7CA28DBE05000707E4B /* wtkstockpriceWidget.intentdefinition */; };
		27B2B7D228DBE05000707E4B /* wtkstockpriceWidgetExtension.appex in Embed Foundation Extensions */ = {isa = PBXBuildFile; fileRef = 27B2B7C128DBE04F00707E4B /* wtkstockpriceWidgetExtension.appex */; settings = {ATTRIBUTES = (RemoveHeadersOnCopy, ); }; };
		27B2B7D828DBE50A00707E4B /* PriceCircleView.swift in Sources */ = {isa = PBXBuildFile; fileRef = 27B2B7D728DBE50A00707E4B /* PriceCircleView.swift */; };
		27B2B7D928DBFF3700707E4B /* PriceCircleView.swift in Sources */ = {isa = PBXBuildFile; fileRef = 27B2B7D728DBE50A00707E4B /* PriceCircleView.swift */; };
		27BD5E5428D3F6B10048C2E5 /* ChartView.swift in Sources */ = {isa = PBXBuildFile; fileRef = 27BD5E5328D3F6B10048C2E5 /* ChartView.swift */; };
		27BD5E5628D447120048C2E5 /* util.swift in Sources */ = {isa = PBXBuildFile; fileRef = 27BD5E5528D447120048C2E5 /* util.swift */; };
		27CB3F6428D2D8E300BCE83E /* wtkstockpriceApp.swift in Sources */ = {isa = PBXBuildFile; fileRef = 27CB3F6328D2D8E300BCE83E /* wtkstockpriceApp.swift */; };
		27CB3F6628D2D8E300BCE83E /* ContentView.swift in Sources */ = {isa = PBXBuildFile; fileRef = 27CB3F6528D2D8E300BCE83E /* ContentView.swift */; };
		27CB3F6828D2D8E400BCE83E /* Assets.xcassets in Resources */ = {isa = PBXBuildFile; fileRef = 27CB3F6728D2D8E400BCE83E /* Assets.xcassets */; };
		27CB3F6B28D2D8E400BCE83E /* Preview Assets.xcassets in Resources */ = {isa = PBXBuildFile; fileRef = 27CB3F6A28D2D8E400BCE83E /* Preview Assets.xcassets */; };
		27CB3F7428D2D91E00BCE83E /* HomeView.swift in Sources */ = {isa = PBXBuildFile; fileRef = 27CB3F7328D2D91E00BCE83E /* HomeView.swift */; };
		27CB3F7628D2D95600BCE83E /* HomeViewModel.swift in Sources */ = {isa = PBXBuildFile; fileRef = 27CB3F7528D2D95600BCE83E /* HomeViewModel.swift */; };
		27CB3F7828D2D97500BCE83E /* Service.swift in Sources */ = {isa = PBXBuildFile; fileRef = 27CB3F7728D2D97500BCE83E /* Service.swift */; };
		27CB3F7B28D2D99400BCE83E /* SwiftSoup in Frameworks */ = {isa = PBXBuildFile; productRef = 27CB3F7A28D2D99400BCE83E /* SwiftSoup */; };
		27CB3F7D28D2D9CE00BCE83E /* SettingView.swift in Sources */ = {isa = PBXBuildFile; fileRef = 27CB3F7C28D2D9CE00BCE83E /* SettingView.swift */; };
		27D45F0928D2E6710004213E /* SettingTextCellView.swift in Sources */ = {isa = PBXBuildFile; fileRef = 27D45F0828D2E6710004213E /* SettingTextCellView.swift */; };
		27D45F0B28D306210004213E /* SettingViewModel.swift in Sources */ = {isa = PBXBuildFile; fileRef = 27D45F0A28D306210004213E /* SettingViewModel.swift */; };
/* End PBXBuildFile section */

/* Begin PBXContainerItemProxy section */
		27B2B7D028DBE05000707E4B /* PBXContainerItemProxy */ = {
			isa = PBXContainerItemProxy;
			containerPortal = 27CB3F5828D2D8E300BCE83E /* Project object */;
			proxyType = 1;
			remoteGlobalIDString = 27B2B7C028DBE04F00707E4B;
			remoteInfo = wtkstockpriceWidgetExtension;
		};
/* End PBXContainerItemProxy section */

/* Begin PBXCopyFilesBuildPhase section */
		27B2B7D628DBE05000707E4B /* Embed Foundation Extensions */ = {
			isa = PBXCopyFilesBuildPhase;
			buildActionMask = 2147483647;
			dstPath = "";
			dstSubfolderSpec = 13;
			files = (
				27B2B7D228DBE05000707E4B /* wtkstockpriceWidgetExtension.appex in Embed Foundation Extensions */,
			);
			name = "Embed Foundation Extensions";
			runOnlyForDeploymentPostprocessing = 0;
		};
/* End PBXCopyFilesBuildPhase section */

/* Begin PBXFileReference section */
		278D9F3B28DD923900795554 /* Constant.swift */ = {isa = PBXFileReference; lastKnownFileType = sourcecode.swift; path = Constant.swift; sourceTree = "<group>"; };
		278D9F3E28DDBEF100795554 /* UIApplication+Extensions.swift */ = {isa = PBXFileReference; lastKnownFileType = sourcecode.swift; path = "UIApplication+Extensions.swift"; sourceTree = "<group>"; };
		27B2B7C128DBE04F00707E4B /* wtkstockpriceWidgetExtension.appex */ = {isa = PBXFileReference; explicitFileType = "wrapper.app-extension"; includeInIndex = 0; path = wtkstockpriceWidgetExtension.appex; sourceTree = BUILT_PRODUCTS_DIR; };
		27B2B7C328DBE04F00707E4B /* WidgetKit.framework */ = {isa = PBXFileReference; lastKnownFileType = wrapper.framework; name = WidgetKit.framework; path = System/Library/Frameworks/WidgetKit.framework; sourceTree = SDKROOT; };
		27B2B7C528DBE05000707E4B /* SwiftUI.framework */ = {isa = PBXFileReference; lastKnownFileType = wrapper.framework; name = SwiftUI.framework; path = System/Library/Frameworks/SwiftUI.framework; sourceTree = SDKROOT; };
		27B2B7C828DBE05000707E4B /* wtkstockpriceWidget.swift */ = {isa = PBXFileReference; lastKnownFileType = sourcecode.swift; path = wtkstockpriceWidget.swift; sourceTree = "<group>"; };
		27B2B7CA28DBE05000707E4B /* wtkstockpriceWidget.intentdefinition */ = {isa = PBXFileReference; lastKnownFileType = file.intentdefinition; path = wtkstockpriceWidget.intentdefinition; sourceTree = "<group>"; };
		27B2B7CB28DBE05000707E4B /* Assets.xcassets */ = {isa = PBXFileReference; lastKnownFileType = folder.assetcatalog; path = Assets.xcassets; sourceTree = "<group>"; };
		27B2B7CD28DBE05000707E4B /* Info.plist */ = {isa = PBXFileReference; lastKnownFileType = text.plist.xml; path = Info.plist; sourceTree = "<group>"; };
		27B2B7D728DBE50A00707E4B /* PriceCircleView.swift */ = {isa = PBXFileReference; lastKnownFileType = sourcecode.swift; path = PriceCircleView.swift; sourceTree = "<group>"; };
		27B2B7DA28DC129200707E4B /* wtkstockpriceWidgetExtension.entitlements */ = {isa = PBXFileReference; lastKnownFileType = text.plist.entitlements; path = wtkstockpriceWidgetExtension.entitlements; sourceTree = "<group>"; };
		27B2B7DB28DC146D00707E4B /* wtkstockprice.entitlements */ = {isa = PBXFileReference; lastKnownFileType = text.plist.entitlements; path = wtkstockprice.entitlements; sourceTree = "<group>"; };
		27BD5E5328D3F6B10048C2E5 /* ChartView.swift */ = {isa = PBXFileReference; lastKnownFileType = sourcecode.swift; path = ChartView.swift; sourceTree = "<group>"; };
		27BD5E5528D447120048C2E5 /* util.swift */ = {isa = PBXFileReference; lastKnownFileType = sourcecode.swift; name = util.swift; path = View/util.swift; sourceTree = "<group>"; };
		27BD5E5728D449010048C2E5 /* Info.plist */ = {isa = PBXFileReference; lastKnownFileType = text.plist; path = Info.plist; sourceTree = "<group>"; };
		27CB3F6028D2D8E300BCE83E /* wtkstockprice.app */ = {isa = PBXFileReference; explicitFileType = wrapper.application; includeInIndex = 0; path = wtkstockprice.app; sourceTree = BUILT_PRODUCTS_DIR; };
		27CB3F6328D2D8E300BCE83E /* wtkstockpriceApp.swift */ = {isa = PBXFileReference; lastKnownFileType = sourcecode.swift; path = wtkstockpriceApp.swift; sourceTree = "<group>"; };
		27CB3F6528D2D8E300BCE83E /* ContentView.swift */ = {isa = PBXFileReference; lastKnownFileType = sourcecode.swift; path = ContentView.swift; sourceTree = "<group>"; };
		27CB3F6728D2D8E400BCE83E /* Assets.xcassets */ = {isa = PBXFileReference; lastKnownFileType = folder.assetcatalog; path = Assets.xcassets; sourceTree = "<group>"; };
		27CB3F6A28D2D8E400BCE83E /* Preview Assets.xcassets */ = {isa = PBXFileReference; lastKnownFileType = folder.assetcatalog; path = "Preview Assets.xcassets"; sourceTree = "<group>"; };
		27CB3F7328D2D91E00BCE83E /* HomeView.swift */ = {isa = PBXFileReference; lastKnownFileType = sourcecode.swift; path = HomeView.swift; sourceTree = "<group>"; };
		27CB3F7528D2D95600BCE83E /* HomeViewModel.swift */ = {isa = PBXFileReference; lastKnownFileType = sourcecode.swift; path = HomeViewModel.swift; sourceTree = "<group>"; };
		27CB3F7728D2D97500BCE83E /* Service.swift */ = {isa = PBXFileReference; lastKnownFileType = sourcecode.swift; path = Service.swift; sourceTree = "<group>"; };
		27CB3F7C28D2D9CE00BCE83E /* SettingView.swift */ = {isa = PBXFileReference; lastKnownFileType = sourcecode.swift; path = SettingView.swift; sourceTree = "<group>"; };
		27D45F0828D2E6710004213E /* SettingTextCellView.swift */ = {isa = PBXFileReference; lastKnownFileType = sourcecode.swift; path = SettingTextCellView.swift; sourceTree = "<group>"; };
		27D45F0A28D306210004213E /* SettingViewModel.swift */ = {isa = PBXFileReference; lastKnownFileType = sourcecode.swift; path = SettingViewModel.swift; sourceTree = "<group>"; };
/* End PBXFileReference section */

/* Begin PBXFrameworksBuildPhase section */
		27B2B7BE28DBE04F00707E4B /* Frameworks */ = {
			isa = PBXFrameworksBuildPhase;
			buildActionMask = 2147483647;
			files = (
				27B2B7C628DBE05000707E4B /* SwiftUI.framework in Frameworks */,
				27B2B7C428DBE05000707E4B /* WidgetKit.framework in Frameworks */,
			);
			runOnlyForDeploymentPostprocessing = 0;
		};
		27CB3F5D28D2D8E300BCE83E /* Frameworks */ = {
			isa = PBXFrameworksBuildPhase;
			buildActionMask = 2147483647;
			files = (
				27CB3F7B28D2D99400BCE83E /* SwiftSoup in Frameworks */,
			);
			runOnlyForDeploymentPostprocessing = 0;
		};
/* End PBXFrameworksBuildPhase section */

/* Begin PBXGroup section */
		27B2B7C228DBE04F00707E4B /* Frameworks */ = {
			isa = PBXGroup;
			children = (
				27B2B7C328DBE04F00707E4B /* WidgetKit.framework */,
				27B2B7C528DBE05000707E4B /* SwiftUI.framework */,
			);
			name = Frameworks;
			sourceTree = "<group>";
		};
		27B2B7C728DBE05000707E4B /* wtkstockpriceWidget */ = {
			isa = PBXGroup;
			children = (
				27B2B7C828DBE05000707E4B /* wtkstockpriceWidget.swift */,
				27B2B7D728DBE50A00707E4B /* PriceCircleView.swift */,
				27B2B7CA28DBE05000707E4B /* wtkstockpriceWidget.intentdefinition */,
				27B2B7CB28DBE05000707E4B /* Assets.xcassets */,
				27B2B7CD28DBE05000707E4B /* Info.plist */,
			);
			path = wtkstockpriceWidget;
			sourceTree = "<group>";
		};
		27CB3F5728D2D8E300BCE83E = {
			isa = PBXGroup;
			children = (
				27B2B7DA28DC129200707E4B /* wtkstockpriceWidgetExtension.entitlements */,
				27CB3F6228D2D8E300BCE83E /* wtkstockprice */,
				27B2B7C728DBE05000707E4B /* wtkstockpriceWidget */,
				27B2B7C228DBE04F00707E4B /* Frameworks */,
				27CB3F6128D2D8E300BCE83E /* Products */,
			);
			sourceTree = "<group>";
		};
		27CB3F6128D2D8E300BCE83E /* Products */ = {
			isa = PBXGroup;
			children = (
				27CB3F6028D2D8E300BCE83E /* wtkstockprice.app */,
				27B2B7C128DBE04F00707E4B /* wtkstockpriceWidgetExtension.appex */,
			);
			name = Products;
			sourceTree = "<group>";
		};
		27CB3F6228D2D8E300BCE83E /* wtkstockprice */ = {
			isa = PBXGroup;
			children = (
				27B2B7DB28DC146D00707E4B /* wtkstockprice.entitlements */,
				27BD5E5728D449010048C2E5 /* Info.plist */,
				27CB3F6328D2D8E300BCE83E /* wtkstockpriceApp.swift */,
				27CB3F6528D2D8E300BCE83E /* ContentView.swift */,
				27CB3F7128D2D90500BCE83E /* View */,
				27CB3F7228D2D90D00BCE83E /* ViewModel */,
				27CB3F7728D2D97500BCE83E /* Service.swift */,
				27BD5E5528D447120048C2E5 /* util.swift */,
				27CB3F6728D2D8E400BCE83E /* Assets.xcassets */,
				27CB3F6928D2D8E400BCE83E /* Preview Content */,
				278D9F3B28DD923900795554 /* Constant.swift */,
				278D9F3E28DDBEF100795554 /* UIApplication+Extensions.swift */,
			);
			path = wtkstockprice;
			sourceTree = "<group>";
		};
		27CB3F6928D2D8E400BCE83E /* Preview Content */ = {
			isa = PBXGroup;
			children = (
				27CB3F6A28D2D8E400BCE83E /* Preview Assets.xcassets */,
			);
			path = "Preview Content";
			sourceTree = "<group>";
		};
		27CB3F7128D2D90500BCE83E /* View */ = {
			isa = PBXGroup;
			children = (
				27CB3F7328D2D91E00BCE83E /* HomeView.swift */,
				27CB3F7C28D2D9CE00BCE83E /* SettingView.swift */,
				27D45F0828D2E6710004213E /* SettingTextCellView.swift */,
				27BD5E5328D3F6B10048C2E5 /* ChartView.swift */,
			);
			path = View;
			sourceTree = "<group>";
		};
		27CB3F7228D2D90D00BCE83E /* ViewModel */ = {
			isa = PBXGroup;
			children = (
				27CB3F7528D2D95600BCE83E /* HomeViewModel.swift */,
				27D45F0A28D306210004213E /* SettingViewModel.swift */,
			);
			path = ViewModel;
			sourceTree = "<group>";
		};
/* End PBXGroup section */

/* Begin PBXNativeTarget section */
		27B2B7C028DBE04F00707E4B /* wtkstockpriceWidgetExtension */ = {
			isa = PBXNativeTarget;
			buildConfigurationList = 27B2B7D328DBE05000707E4B /* Build configuration list for PBXNativeTarget "wtkstockpriceWidgetExtension" */;
			buildPhases = (
				27B2B7BD28DBE04F00707E4B /* Sources */,
				27B2B7BE28DBE04F00707E4B /* Frameworks */,
				27B2B7BF28DBE04F00707E4B /* Resources */,
			);
			buildRules = (
			);
			dependencies = (
			);
			name = wtkstockpriceWidgetExtension;
			productName = wtkstockpriceWidgetExtension;
			productReference = 27B2B7C128DBE04F00707E4B /* wtkstockpriceWidgetExtension.appex */;
			productType = "com.apple.product-type.app-extension";
		};
		27CB3F5F28D2D8E300BCE83E /* wtkstockprice */ = {
			isa = PBXNativeTarget;
			buildConfigurationList = 27CB3F6E28D2D8E400BCE83E /* Build configuration list for PBXNativeTarget "wtkstockprice" */;
			buildPhases = (
				27CB3F5C28D2D8E300BCE83E /* Sources */,
				27CB3F5D28D2D8E300BCE83E /* Frameworks */,
				27CB3F5E28D2D8E300BCE83E /* Resources */,
				27B2B7D628DBE05000707E4B /* Embed Foundation Extensions */,
			);
			buildRules = (
			);
			dependencies = (
				27B2B7D128DBE05000707E4B /* PBXTargetDependency */,
			);
			name = wtkstockprice;
			packageProductDependencies = (
				27CB3F7A28D2D99400BCE83E /* SwiftSoup */,
			);
			productName = wtkstockprice;
			productReference = 27CB3F6028D2D8E300BCE83E /* wtkstockprice.app */;
			productType = "com.apple.product-type.application";
		};
/* End PBXNativeTarget section */

/* Begin PBXProject section */
		27CB3F5828D2D8E300BCE83E /* Project object */ = {
			isa = PBXProject;
			attributes = {
				BuildIndependentTargetsInParallel = 1;
				LastSwiftUpdateCheck = 1400;
				LastUpgradeCheck = 1400;
				TargetAttributes = {
					27B2B7C028DBE04F00707E4B = {
						CreatedOnToolsVersion = 14.0;
					};
					27CB3F5F28D2D8E300BCE83E = {
						CreatedOnToolsVersion = 14.0;
					};
				};
			};
			buildConfigurationList = 27CB3F5B28D2D8E300BCE83E /* Build configuration list for PBXProject "wtkstockprice" */;
			compatibilityVersion = "Xcode 14.0";
			developmentRegion = en;
			hasScannedForEncodings = 0;
			knownRegions = (
				en,
				Base,
			);
			mainGroup = 27CB3F5728D2D8E300BCE83E;
			packageReferences = (
				27CB3F7928D2D99400BCE83E /* XCRemoteSwiftPackageReference "SwiftSoup" */,
			);
			productRefGroup = 27CB3F6128D2D8E300BCE83E /* Products */;
			projectDirPath = "";
			projectRoot = "";
			targets = (
				27CB3F5F28D2D8E300BCE83E /* wtkstockprice */,
				27B2B7C028DBE04F00707E4B /* wtkstockpriceWidgetExtension */,
			);
		};
/* End PBXProject section */

/* Begin PBXResourcesBuildPhase section */
		27B2B7BF28DBE04F00707E4B /* Resources */ = {
			isa = PBXResourcesBuildPhase;
			buildActionMask = 2147483647;
			files = (
				2766A6C028DCAA5300E043E1 /* Assets.xcassets in Resources */,
				27B2B7CC28DBE05000707E4B /* Assets.xcassets in Resources */,
			);
			runOnlyForDeploymentPostprocessing = 0;
		};
		27CB3F5E28D2D8E300BCE83E /* Resources */ = {
			isa = PBXResourcesBuildPhase;
			buildActionMask = 2147483647;
			files = (
				27CB3F6B28D2D8E400BCE83E /* Preview Assets.xcassets in Resources */,
				27CB3F6828D2D8E400BCE83E /* Assets.xcassets in Resources */,
			);
			runOnlyForDeploymentPostprocessing = 0;
		};
/* End PBXResourcesBuildPhase section */

/* Begin PBXSourcesBuildPhase section */
		27B2B7BD28DBE04F00707E4B /* Sources */ = {
			isa = PBXSourcesBuildPhase;
			buildActionMask = 2147483647;
			files = (
				27B2B7CE28DBE05000707E4B /* wtkstockpriceWidget.intentdefinition in Sources */,
				27B2B7D928DBFF3700707E4B /* PriceCircleView.swift in Sources */,
				278D9F3D28DD927C00795554 /* Constant.swift in Sources */,
				278D9F3A28DD91F900795554 /* util.swift in Sources */,
				27B2B7C928DBE05000707E4B /* wtkstockpriceWidget.swift in Sources */,
			);
			runOnlyForDeploymentPostprocessing = 0;
		};
		27CB3F5C28D2D8E300BCE83E /* Sources */ = {
			isa = PBXSourcesBuildPhase;
			buildActionMask = 2147483647;
			files = (
				278D9F3F28DDBEF100795554 /* UIApplication+Extensions.swift in Sources */,
				27B2B7CF28DBE05000707E4B /* wtkstockpriceWidget.intentdefinition in Sources */,
				27CB3F7428D2D91E00BCE83E /* HomeView.swift in Sources */,
				27D45F0928D2E6710004213E /* SettingTextCellView.swift in Sources */,
				27CB3F6628D2D8E300BCE83E /* ContentView.swift in Sources */,
				27B2B7D828DBE50A00707E4B /* PriceCircleView.swift in Sources */,
				27BD5E5628D447120048C2E5 /* util.swift in Sources */,
				27D45F0B28D306210004213E /* SettingViewModel.swift in Sources */,
				27CB3F7828D2D97500BCE83E /* Service.swift in Sources */,
				27BD5E5428D3F6B10048C2E5 /* ChartView.swift in Sources */,
				278D9F3C28DD923900795554 /* Constant.swift in Sources */,
				27CB3F7D28D2D9CE00BCE83E /* SettingView.swift in Sources */,
				27CB3F6428D2D8E300BCE83E /* wtkstockpriceApp.swift in Sources */,
				27CB3F7628D2D95600BCE83E /* HomeViewModel.swift in Sources */,
			);
			runOnlyForDeploymentPostprocessing = 0;
		};
/* End PBXSourcesBuildPhase section */

/* Begin PBXTargetDependency section */
		27B2B7D128DBE05000707E4B /* PBXTargetDependency */ = {
			isa = PBXTargetDependency;
			target = 27B2B7C028DBE04F00707E4B /* wtkstockpriceWidgetExtension */;
			targetProxy = 27B2B7D028DBE05000707E4B /* PBXContainerItemProxy */;
		};
/* End PBXTargetDependency section */

/* Begin XCBuildConfiguration section */
		27B2B7D428DBE05000707E4B /* Debug */ = {
			isa = XCBuildConfiguration;
			buildSettings = {
				ASSETCATALOG_COMPILER_GLOBAL_ACCENT_COLOR_NAME = AccentColor;
				ASSETCATALOG_COMPILER_WIDGET_BACKGROUND_COLOR_NAME = WidgetBackground;
				CODE_SIGN_ENTITLEMENTS = wtkstockpriceWidgetExtension.entitlements;
				CODE_SIGN_STYLE = Automatic;
				CURRENT_PROJECT_VERSION = 1;
				DEVELOPMENT_TEAM = L43KX6QVVV;
				GENERATE_INFOPLIST_FILE = YES;
				INFOPLIST_FILE = wtkstockpriceWidget/Info.plist;
				INFOPLIST_KEY_CFBundleDisplayName = wtkstockpriceWidget;
				INFOPLIST_KEY_NSHumanReadableCopyright = "";
				LD_RUNPATH_SEARCH_PATHS = (
					"$(inherited)",
					"@executable_path/Frameworks",
					"@executable_path/../../Frameworks",
				);
				MARKETING_VERSION = 1.0;
				PRODUCT_BUNDLE_IDENTIFIER = com.cnwang.wtkstockprice.wtkstockpriceWidget;
				PRODUCT_NAME = "$(TARGET_NAME)";
				SKIP_INSTALL = YES;
				SWIFT_EMIT_LOC_STRINGS = YES;
				SWIFT_VERSION = 5.0;
				TARGETED_DEVICE_FAMILY = "1,2";
			};
			name = Debug;
		};
		27B2B7D528DBE05000707E4B /* Release */ = {
			isa = XCBuildConfiguration;
			buildSettings = {
				ASSETCATALOG_COMPILER_GLOBAL_ACCENT_COLOR_NAME = AccentColor;
				ASSETCATALOG_COMPILER_WIDGET_BACKGROUND_COLOR_NAME = WidgetBackground;
				CODE_SIGN_ENTITLEMENTS = wtkstockpriceWidgetExtension.entitlements;
				CODE_SIGN_STYLE = Automatic;
				CURRENT_PROJECT_VERSION = 1;
				DEVELOPMENT_TEAM = L43KX6QVVV;
				GENERATE_INFOPLIST_FILE = YES;
				INFOPLIST_FILE = wtkstockpriceWidget/Info.plist;
				INFOPLIST_KEY_CFBundleDisplayName = wtkstockpriceWidget;
				INFOPLIST_KEY_NSHumanReadableCopyright = "";
				LD_RUNPATH_SEARCH_PATHS = (
					"$(inherited)",
					"@executable_path/Frameworks",
					"@executable_path/../../Frameworks",
				);
				MARKETING_VERSION = 1.0;
				PRODUCT_BUNDLE_IDENTIFIER = com.cnwang.wtkstockprice.wtkstockpriceWidget;
				PRODUCT_NAME = "$(TARGET_NAME)";
				SKIP_INSTALL = YES;
				SWIFT_EMIT_LOC_STRINGS = YES;
				SWIFT_VERSION = 5.0;
				TARGETED_DEVICE_FAMILY = "1,2";
			};
			name = Release;
		};
		27CB3F6C28D2D8E400BCE83E /* Debug */ = {
			isa = XCBuildConfiguration;
			buildSettings = {
				ALWAYS_SEARCH_USER_PATHS = NO;
				CLANG_ANALYZER_NONNULL = YES;
				CLANG_ANALYZER_NUMBER_OBJECT_CONVERSION = YES_AGGRESSIVE;
				CLANG_CXX_LANGUAGE_STANDARD = "gnu++20";
				CLANG_ENABLE_MODULES = YES;
				CLANG_ENABLE_OBJC_ARC = YES;
				CLANG_ENABLE_OBJC_WEAK = YES;
				CLANG_WARN_BLOCK_CAPTURE_AUTORELEASING = YES;
				CLANG_WARN_BOOL_CONVERSION = YES;
				CLANG_WARN_COMMA = YES;
				CLANG_WARN_CONSTANT_CONVERSION = YES;
				CLANG_WARN_DEPRECATED_OBJC_IMPLEMENTATIONS = YES;
				CLANG_WARN_DIRECT_OBJC_ISA_USAGE = YES_ERROR;
				CLANG_WARN_DOCUMENTATION_COMMENTS = YES;
				CLANG_WARN_EMPTY_BODY = YES;
				CLANG_WARN_ENUM_CONVERSION = YES;
				CLANG_WARN_INFINITE_RECURSION = YES;
				CLANG_WARN_INT_CONVERSION = YES;
				CLANG_WARN_NON_LITERAL_NULL_CONVERSION = YES;
				CLANG_WARN_OBJC_IMPLICIT_RETAIN_SELF = YES;
				CLANG_WARN_OBJC_LITERAL_CONVERSION = YES;
				CLANG_WARN_OBJC_ROOT_CLASS = YES_ERROR;
				CLANG_WARN_QUOTED_INCLUDE_IN_FRAMEWORK_HEADER = YES;
				CLANG_WARN_RANGE_LOOP_ANALYSIS = YES;
				CLANG_WARN_STRICT_PROTOTYPES = YES;
				CLANG_WARN_SUSPICIOUS_MOVE = YES;
				CLANG_WARN_UNGUARDED_AVAILABILITY = YES_AGGRESSIVE;
				CLANG_WARN_UNREACHABLE_CODE = YES;
				CLANG_WARN__DUPLICATE_METHOD_MATCH = YES;
				COPY_PHASE_STRIP = NO;
				DEBUG_INFORMATION_FORMAT = dwarf;
				ENABLE_STRICT_OBJC_MSGSEND = YES;
				ENABLE_TESTABILITY = YES;
				GCC_C_LANGUAGE_STANDARD = gnu11;
				GCC_DYNAMIC_NO_PIC = NO;
				GCC_NO_COMMON_BLOCKS = YES;
				GCC_OPTIMIZATION_LEVEL = 0;
				GCC_PREPROCESSOR_DEFINITIONS = (
					"DEBUG=1",
					"$(inherited)",
				);
				GCC_WARN_64_TO_32_BIT_CONVERSION = YES;
				GCC_WARN_ABOUT_RETURN_TYPE = YES_ERROR;
				GCC_WARN_UNDECLARED_SELECTOR = YES;
				GCC_WARN_UNINITIALIZED_AUTOS = YES_AGGRESSIVE;
				GCC_WARN_UNUSED_FUNCTION = YES;
				GCC_WARN_UNUSED_VARIABLE = YES;
				IPHONEOS_DEPLOYMENT_TARGET = 16.0;
				MTL_ENABLE_DEBUG_INFO = INCLUDE_SOURCE;
				MTL_FAST_MATH = YES;
				ONLY_ACTIVE_ARCH = YES;
				SDKROOT = iphoneos;
				SWIFT_ACTIVE_COMPILATION_CONDITIONS = DEBUG;
				SWIFT_OPTIMIZATION_LEVEL = "-Onone";
			};
			name = Debug;
		};
		27CB3F6D28D2D8E400BCE83E /* Release */ = {
			isa = XCBuildConfiguration;
			buildSettings = {
				ALWAYS_SEARCH_USER_PATHS = NO;
				CLANG_ANALYZER_NONNULL = YES;
				CLANG_ANALYZER_NUMBER_OBJECT_CONVERSION = YES_AGGRESSIVE;
				CLANG_CXX_LANGUAGE_STANDARD = "gnu++20";
				CLANG_ENABLE_MODULES = YES;
				CLANG_ENABLE_OBJC_ARC = YES;
				CLANG_ENABLE_OBJC_WEAK = YES;
				CLANG_WARN_BLOCK_CAPTURE_AUTORELEASING = YES;
				CLANG_WARN_BOOL_CONVERSION = YES;
				CLANG_WARN_COMMA = YES;
				CLANG_WARN_CONSTANT_CONVERSION = YES;
				CLANG_WARN_DEPRECATED_OBJC_IMPLEMENTATIONS = YES;
				CLANG_WARN_DIRECT_OBJC_ISA_USAGE = YES_ERROR;
				CLANG_WARN_DOCUMENTATION_COMMENTS = YES;
				CLANG_WARN_EMPTY_BODY = YES;
				CLANG_WARN_ENUM_CONVERSION = YES;
				CLANG_WARN_INFINITE_RECURSION = YES;
				CLANG_WARN_INT_CONVERSION = YES;
				CLANG_WARN_NON_LITERAL_NULL_CONVERSION = YES;
				CLANG_WARN_OBJC_IMPLICIT_RETAIN_SELF = YES;
				CLANG_WARN_OBJC_LITERAL_CONVERSION = YES;
				CLANG_WARN_OBJC_ROOT_CLASS = YES_ERROR;
				CLANG_WARN_QUOTED_INCLUDE_IN_FRAMEWORK_HEADER = YES;
				CLANG_WARN_RANGE_LOOP_ANALYSIS = YES;
				CLANG_WARN_STRICT_PROTOTYPES = YES;
				CLANG_WARN_SUSPICIOUS_MOVE = YES;
				CLANG_WARN_UNGUARDED_AVAILABILITY = YES_AGGRESSIVE;
				CLANG_WARN_UNREACHABLE_CODE = YES;
				CLANG_WARN__DUPLICATE_METHOD_MATCH = YES;
				COPY_PHASE_STRIP = NO;
				DEBUG_INFORMATION_FORMAT = "dwarf-with-dsym";
				ENABLE_NS_ASSERTIONS = NO;
				ENABLE_STRICT_OBJC_MSGSEND = YES;
				GCC_C_LANGUAGE_STANDARD = gnu11;
				GCC_NO_COMMON_BLOCKS = YES;
				GCC_WARN_64_TO_32_BIT_CONVERSION = YES;
				GCC_WARN_ABOUT_RETURN_TYPE = YES_ERROR;
				GCC_WARN_UNDECLARED_SELECTOR = YES;
				GCC_WARN_UNINITIALIZED_AUTOS = YES_AGGRESSIVE;
				GCC_WARN_UNUSED_FUNCTION = YES;
				GCC_WARN_UNUSED_VARIABLE = YES;
				IPHONEOS_DEPLOYMENT_TARGET = 16.0;
				MTL_ENABLE_DEBUG_INFO = NO;
				MTL_FAST_MATH = YES;
				SDKROOT = iphoneos;
				SWIFT_COMPILATION_MODE = wholemodule;
				SWIFT_OPTIMIZATION_LEVEL = "-O";
				VALIDATE_PRODUCT = YES;
			};
			name = Release;
		};
		27CB3F6F28D2D8E400BCE83E /* Debug */ = {
			isa = XCBuildConfiguration;
			buildSettings = {
				ALWAYS_EMBED_SWIFT_STANDARD_LIBRARIES = YES;
				ASSETCATALOG_COMPILER_APPICON_NAME = AppIcon;
				ASSETCATALOG_COMPILER_GLOBAL_ACCENT_COLOR_NAME = AccentColor;
				ASSETCATALOG_COMPILER_INCLUDE_ALL_APPICON_ASSETS = YES;
				CODE_SIGN_ENTITLEMENTS = wtkstockprice/wtkstockprice.entitlements;
				CODE_SIGN_STYLE = Automatic;
				CURRENT_PROJECT_VERSION = 1;
				DEVELOPMENT_ASSET_PATHS = "\"wtkstockprice/Preview Content\"";
				DEVELOPMENT_TEAM = L43KX6QVVV;
				ENABLE_PREVIEWS = YES;
				GENERATE_INFOPLIST_FILE = YES;
				INFOPLIST_FILE = wtkstockprice/Info.plist;
				INFOPLIST_KEY_UIApplicationSceneManifest_Generation = YES;
				INFOPLIST_KEY_UIApplicationSupportsIndirectInputEvents = YES;
				INFOPLIST_KEY_UILaunchScreen_Generation = YES;
				INFOPLIST_KEY_UISupportedInterfaceOrientations = UIInterfaceOrientationPortrait;
				IPHONEOS_DEPLOYMENT_TARGET = 16.0;
				LD_RUNPATH_SEARCH_PATHS = (
					"$(inherited)",
					"@executable_path/Frameworks",
				);
				MARKETING_VERSION = 1.0;
				PRODUCT_BUNDLE_IDENTIFIER = com.cnwang.wtkstockprice;
				PRODUCT_NAME = "$(TARGET_NAME)";
				SWIFT_EMIT_LOC_STRINGS = YES;
				SWIFT_VERSION = 5.0;
				TARGETED_DEVICE_FAMILY = "1,2";
			};
			name = Debug;
		};
		27CB3F7028D2D8E400BCE83E /* Release */ = {
			isa = XCBuildConfiguration;
			buildSettings = {
				ALWAYS_EMBED_SWIFT_STANDARD_LIBRARIES = YES;
				ASSETCATALOG_COMPILER_APPICON_NAME = AppIcon;
				ASSETCATALOG_COMPILER_GLOBAL_ACCENT_COLOR_NAME = AccentColor;
				ASSETCATALOG_COMPILER_INCLUDE_ALL_APPICON_ASSETS = YES;
				CODE_SIGN_ENTITLEMENTS = wtkstockprice/wtkstockprice.entitlements;
				CODE_SIGN_STYLE = Automatic;
				CURRENT_PROJECT_VERSION = 1;
				DEVELOPMENT_ASSET_PATHS = "\"wtkstockprice/Preview Content\"";
				DEVELOPMENT_TEAM = L43KX6QVVV;
				ENABLE_PREVIEWS = YES;
				GENERATE_INFOPLIST_FILE = YES;
				INFOPLIST_FILE = wtkstockprice/Info.plist;
				INFOPLIST_KEY_UIApplicationSceneManifest_Generation = YES;
				INFOPLIST_KEY_UIApplicationSupportsIndirectInputEvents = YES;
				INFOPLIST_KEY_UILaunchScreen_Generation = YES;
				INFOPLIST_KEY_UISupportedInterfaceOrientations = UIInterfaceOrientationPortrait;
				IPHONEOS_DEPLOYMENT_TARGET = 16.0;
				LD_RUNPATH_SEARCH_PATHS = (
					"$(inherited)",
					"@executable_path/Frameworks",
				);
				MARKETING_VERSION = 1.0;
				PRODUCT_BUNDLE_IDENTIFIER = com.cnwang.wtkstockprice;
				PRODUCT_NAME = "$(TARGET_NAME)";
				SWIFT_EMIT_LOC_STRINGS = YES;
				SWIFT_VERSION = 5.0;
				TARGETED_DEVICE_FAMILY = "1,2";
			};
			name = Release;
		};
/* End XCBuildConfiguration section */

/* Begin XCConfigurationList section */
		27B2B7D328DBE05000707E4B /* Build configuration list for PBXNativeTarget "wtkstockpriceWidgetExtension" */ = {
			isa = XCConfigurationList;
			buildConfigurations = (
				27B2B7D428DBE05000707E4B /* Debug */,
				27B2B7D528DBE05000707E4B /* Release */,
			);
			defaultConfigurationIsVisible = 0;
			defaultConfigurationName = Release;
		};
		27CB3F5B28D2D8E300BCE83E /* Build configuration list for PBXProject "wtkstockprice" */ = {
			isa = XCConfigurationList;
			buildConfigurations = (
				27CB3F6C28D2D8E400BCE83E /* Debug */,
				27CB3F6D28D2D8E400BCE83E /* Release */,
			);
			defaultConfigurationIsVisible = 0;
			defaultConfigurationName = Release;
		};
		27CB3F6E28D2D8E400BCE83E /* Build configuration list for PBXNativeTarget "wtkstockprice" */ = {
			isa = XCConfigurationList;
			buildConfigurations = (
				27CB3F6F28D2D8E400BCE83E /* Debug */,
				27CB3F7028D2D8E400BCE83E /* Release */,
			);
			defaultConfigurationIsVisible = 0;
			defaultConfigurationName = Release;
		};
/* End XCConfigurationList section */

/* Begin XCRemoteSwiftPackageReference section */
		27CB3F7928D2D99400BCE83E /* XCRemoteSwiftPackageReference "SwiftSoup" */ = {
			isa = XCRemoteSwiftPackageReference;
			repositoryURL = "https://github.com/scinfu/SwiftSoup.git";
			requirement = {
				kind = upToNextMinorVersion;
				minimumVersion = 2.4.0;
			};
		};
/* End XCRemoteSwiftPackageReference section */

/* Begin XCSwiftPackageProductDependency section */
		27CB3F7A28D2D99400BCE83E /* SwiftSoup */ = {
			isa = XCSwiftPackageProductDependency;
			package = 27CB3F7928D2D99400BCE83E /* XCRemoteSwiftPackageReference "SwiftSoup" */;
			productName = SwiftSoup;
		};
/* End XCSwiftPackageProductDependency section */
	};
	rootObject = 27CB3F5828D2D8E300BCE83E /* Project object */;
}
